{
    "name": "nuxt-log",
    "version": "0.1.0",
    "lockfileVersion": 2,
    "requires": true,
    "packages": {
        "": {
            "version": "0.1.0",
            "license": "MIT",
            "dependencies": {
                "vuejs-logger": "^1.5.5"
            }
        },
        "node_modules/es6-object-assign": {
            "version": "1.1.0",
            "resolved": "https://registry.npmjs.org/es6-object-assign/-/es6-object-assign-1.1.0.tgz",
            "integrity": "sha1-wsNYJlYkfDnqEHyx5mUrb58kUjw="
        },
        "node_modules/vue": {
            "version": "2.6.11",
            "resolved": "https://registry.npmjs.org/vue/-/vue-2.6.11.tgz",
            "integrity": "sha512-VfPwgcGABbGAue9+sfrD4PuwFar7gPb1yl1UK1MwXoQPAw0BKSqWfoYCT/ThFrdEVWoI51dBuyCoiNU9bZDZxQ=="
        },
        "node_modules/vuejs-logger": {
            "version": "1.5.5",
            "resolved": "https://registry.npmjs.org/vuejs-logger/-/vuejs-logger-1.5.5.tgz",
            "integrity": "sha512-wESz1F4KWk98YANEDg2yeS+fpwk2WrR41ZslLfZgTD+EYFm/7VMMUjRThhHT8CCOLOCQdsS4Ge2C9bIs68v8Ww==",
            "dependencies": {
                "es6-object-assign": "1.1.0",
                "vue": "2.6.11"
            }
        }
    },
    "dependencies": {
        "es6-object-assign": {
            "version": "1.1.0",
            "resolved": "https://registry.npmjs.org/es6-object-assign/-/es6-object-assign-1.1.0.tgz",
            "integrity": "sha1-wsNYJlYkfDnqEHyx5mUrb58kUjw="
        },
        "vue": {
            "version": "2.6.11",
            "resolved": "https://registry.npmjs.org/vue/-/vue-2.6.11.tgz",
            "integrity": "sha512-VfPwgcGABbGAue9+sfrD4PuwFar7gPb1yl1UK1MwXoQPAw0BKSqWfoYCT/ThFrdEVWoI51dBuyCoiNU9bZDZxQ=="
        },
        "vuejs-logger": {
            "version": "1.5.5",
            "resolved": "https://registry.npmjs.org/vuejs-logger/-/vuejs-logger-1.5.5.tgz",
            "integrity": "sha512-wESz1F4KWk98YANEDg2yeS+fpwk2WrR41ZslLfZgTD+EYFm/7VMMUjRThhHT8CCOLOCQdsS4Ge2C9bIs68v8Ww==",
            "requires": {
                "es6-object-assign": "1.1.0",
                "vue": "2.6.11"
            }
        }
    }
}
